
Microsoft Visual Studio Solution File, Format Version 12.00
# Visual Studio Version 17
VisualStudioVersion = 17.2.32630.192
MinimumVisualStudioVersion = 10.0.40219.1
Project("{FAE04EC0-301F-11D3-BF4B-00C04F79EFBC}") = "Assessment_Phase1", "Assessment_Phase1\Assessment_Phase1.csproj", "{5338E485-F925-4D12-9C98-E93178A3A57C}"
EndProject
Global
	GlobalSection(SolutionConfigurationPlatforms) = preSolution
		Debug|Any CPU = Debug|Any CPU
		Release|Any CPU = Release|Any CPU
	EndGlobalSection
	GlobalSection(ProjectConfigurationPlatforms) = postSolution
		{5338E485-F925-4D12-9C98-E93178A3A57C}.Debug|Any CPU.ActiveCfg = Debug|Any CPU
		{5338E485-F925-4D12-9C98-E93178A3A57C}.Debug|Any CPU.Build.0 = Debug|Any CPU
		{5338E485-F925-4D12-9C98-E93178A3A57C}.Release|Any CPU.ActiveCfg = Release|Any CPU
		{5338E485-F925-4D12-9C98-E93178A3A57C}.Release|Any CPU.Build.0 = Release|Any CPU
	EndGlobalSection
	GlobalSection(SolutionProperties) = preSolution
		HideSolutionNode = FALSE
	EndGlobalSection
	GlobalSection(ExtensibilityGlobals) = postSolution
		SolutionGuid = {D127469D-DDBD-4BE7-8478-883608546676}
	EndGlobalSection
EndGlobal
