
Microsoft Visual Studio Solution File, Format Version 12.00
# Visual Studio Version 17
VisualStudioVersion = 17.3.32825.248
MinimumVisualStudioVersion = 10.0.40219.1
Project("{FAE04EC0-301F-11D3-BF4B-00C04F79EFBC}") = "HealthCareByABC_Specflow", "HealthCareByABC_Specflow\HealthCareByABC_Specflow.csproj", "{8C1EC78F-9C7D-4907-8D8C-E33075A145B7}"
EndProject
Global
	GlobalSection(SolutionConfigurationPlatforms) = preSolution
		Debug|Any CPU = Debug|Any CPU
		Release|Any CPU = Release|Any CPU
	EndGlobalSection
	GlobalSection(ProjectConfigurationPlatforms) = postSolution
		{8C1EC78F-9C7D-4907-8D8C-E33075A145B7}.Debug|Any CPU.ActiveCfg = Debug|Any CPU
		{8C1EC78F-9C7D-4907-8D8C-E33075A145B7}.Debug|Any CPU.Build.0 = Debug|Any CPU
		{8C1EC78F-9C7D-4907-8D8C-E33075A145B7}.Release|Any CPU.ActiveCfg = Release|Any CPU
		{8C1EC78F-9C7D-4907-8D8C-E33075A145B7}.Release|Any CPU.Build.0 = Release|Any CPU
	EndGlobalSection
	GlobalSection(SolutionProperties) = preSolution
		HideSolutionNode = FALSE
	EndGlobalSection
	GlobalSection(ExtensibilityGlobals) = postSolution
		SolutionGuid = {31051083-ECC1-4744-8BA0-166C42E966AE}
	EndGlobalSection
EndGlobal
