
Microsoft Visual Studio Solution File, Format Version 12.00
# Visual Studio Version 17
VisualStudioVersion = 17.2.32630.192
MinimumVisualStudioVersion = 10.0.40219.1
Project("{FAE04EC0-301F-11D3-BF4B-00C04F79EFBC}") = "HelloWorldProject", "HelloWorldProject\HelloWorldProject.csproj", "{FEAB8B08-9E1C-4A9E-93B9-C5FF3639EC27}"
EndProject
Global
	GlobalSection(SolutionConfigurationPlatforms) = preSolution
		Debug|Any CPU = Debug|Any CPU
		Release|Any CPU = Release|Any CPU
	EndGlobalSection
	GlobalSection(ProjectConfigurationPlatforms) = postSolution
		{FEAB8B08-9E1C-4A9E-93B9-C5FF3639EC27}.Debug|Any CPU.ActiveCfg = Debug|Any CPU
		{FEAB8B08-9E1C-4A9E-93B9-C5FF3639EC27}.Debug|Any CPU.Build.0 = Debug|Any CPU
		{FEAB8B08-9E1C-4A9E-93B9-C5FF3639EC27}.Release|Any CPU.ActiveCfg = Release|Any CPU
		{FEAB8B08-9E1C-4A9E-93B9-C5FF3639EC27}.Release|Any CPU.Build.0 = Release|Any CPU
	EndGlobalSection
	GlobalSection(SolutionProperties) = preSolution
		HideSolutionNode = FALSE
	EndGlobalSection
	GlobalSection(ExtensibilityGlobals) = postSolution
		SolutionGuid = {DACC4763-3E4D-4B7B-8C03-37C00D73E128}
	EndGlobalSection
EndGlobal
