
Microsoft Visual Studio Solution File, Format Version 12.00
# Visual Studio Version 17
VisualStudioVersion = 17.3.32825.248
MinimumVisualStudioVersion = 10.0.40219.1
Project("{FAE04EC0-301F-11D3-BF4B-00C04F79EFBC}") = "First_Unit_Test", "First_Unit_Test\First_Unit_Test.csproj", "{6FF1C00B-524B-4D25-BBB1-8CB4F7C42B25}"
EndProject
Global
	GlobalSection(SolutionConfigurationPlatforms) = preSolution
		Debug|Any CPU = Debug|Any CPU
		Release|Any CPU = Release|Any CPU
	EndGlobalSection
	GlobalSection(ProjectConfigurationPlatforms) = postSolution
		{6FF1C00B-524B-4D25-BBB1-8CB4F7C42B25}.Debug|Any CPU.ActiveCfg = Debug|Any CPU
		{6FF1C00B-524B-4D25-BBB1-8CB4F7C42B25}.Debug|Any CPU.Build.0 = Debug|Any CPU
		{6FF1C00B-524B-4D25-BBB1-8CB4F7C42B25}.Release|Any CPU.ActiveCfg = Release|Any CPU
		{6FF1C00B-524B-4D25-BBB1-8CB4F7C42B25}.Release|Any CPU.Build.0 = Release|Any CPU
	EndGlobalSection
	GlobalSection(SolutionProperties) = preSolution
		HideSolutionNode = FALSE
	EndGlobalSection
	GlobalSection(ExtensibilityGlobals) = postSolution
		SolutionGuid = {94CB609D-A246-4D76-B3BA-08C50E7909F2}
	EndGlobalSection
EndGlobal
