
Microsoft Visual Studio Solution File, Format Version 12.00
# Visual Studio Version 17
VisualStudioVersion = 17.2.32630.192
MinimumVisualStudioVersion = 10.0.40219.1
Project("{FAE04EC0-301F-11D3-BF4B-00C04F79EFBC}") = "ConsoleApp1", "ConsoleApp1\ConsoleApp1.csproj", "{D83BF9DE-3D9E-441B-BB44-73C9F3AC01DD}"
EndProject
Global
	GlobalSection(SolutionConfigurationPlatforms) = preSolution
		Debug|Any CPU = Debug|Any CPU
		Release|Any CPU = Release|Any CPU
	EndGlobalSection
	GlobalSection(ProjectConfigurationPlatforms) = postSolution
		{D83BF9DE-3D9E-441B-BB44-73C9F3AC01DD}.Debug|Any CPU.ActiveCfg = Debug|Any CPU
		{D83BF9DE-3D9E-441B-BB44-73C9F3AC01DD}.Debug|Any CPU.Build.0 = Debug|Any CPU
		{D83BF9DE-3D9E-441B-BB44-73C9F3AC01DD}.Release|Any CPU.ActiveCfg = Release|Any CPU
		{D83BF9DE-3D9E-441B-BB44-73C9F3AC01DD}.Release|Any CPU.Build.0 = Release|Any CPU
	EndGlobalSection
	GlobalSection(SolutionProperties) = preSolution
		HideSolutionNode = FALSE
	EndGlobalSection
	GlobalSection(ExtensibilityGlobals) = postSolution
		SolutionGuid = {18AF4912-5BF2-437C-A5B6-ABE2A9A2FF56}
	EndGlobalSection
EndGlobal
